
Microsoft Visual Studio Solution File, Format Version 12.00
# Visual Studio Version 17
VisualStudioVersion = 17.0.32112.339
MinimumVisualStudioVersion = 10.0.40219.1
Project("{9A19103F-16F7-4668-BE54-9A1E7A4F7556}") = "OAuch", "OAuch\OAuch.csproj", "{813E7AB2-268F-4C7D-A18E-9C4ACA49B831}"
EndProject
Project("{9A19103F-16F7-4668-BE54-9A1E7A4F7556}") = "OAuch.Database", "OAuch.Database\OAuch.Database.csproj", "{55866DD6-EAEF-498D-9DD4-301289709E6C}"
EndProject
Project("{9A19103F-16F7-4668-BE54-9A1E7A4F7556}") = "OAuch.Protocols", "OAuch.Protocols\OAuch.Protocols.csproj", "{B7A6ECDB-5342-4A0D-9255-9C58B26915AF}"
EndProject
Project("{9A19103F-16F7-4668-BE54-9A1E7A4F7556}") = "OAuch.Shared", "OAuch.Shared\OAuch.Shared.csproj", "{8909B0DE-9F43-4AEA-AC6B-8442772AAE4B}"
EndProject
Project("{9A19103F-16F7-4668-BE54-9A1E7A4F7556}") = "OAuch.Compliance", "OAuch.Tests\OAuch.Compliance.csproj", "{2D46C9D3-CCEC-4E32-9701-C1A32BBB2B6A}"
EndProject
Project("{2150E333-8FDC-42A3-9474-1A3956D46DE8}") = "Solution Items", "Solution Items", "{1A76F1CD-3926-4C9E-AD73-4AB83E55A840}"
	ProjectSection(SolutionItems) = preProject
		docker.txt = docker.txt
		Dockerfile = Dockerfile
		Dockerfile.multi = Dockerfile.multi
	EndProjectSection
EndProject
Global
	GlobalSection(SolutionConfigurationPlatforms) = preSolution
		Debug|Any CPU = Debug|Any CPU
		Release|Any CPU = Release|Any CPU
	EndGlobalSection
	GlobalSection(ProjectConfigurationPlatforms) = postSolution
		{813E7AB2-268F-4C7D-A18E-9C4ACA49B831}.Debug|Any CPU.ActiveCfg = Debug|Any CPU
		{813E7AB2-268F-4C7D-A18E-9C4ACA49B831}.Debug|Any CPU.Build.0 = Debug|Any CPU
		{813E7AB2-268F-4C7D-A18E-9C4ACA49B831}.Release|Any CPU.ActiveCfg = Release|Any CPU
		{813E7AB2-268F-4C7D-A18E-9C4ACA49B831}.Release|Any CPU.Build.0 = Release|Any CPU
		{55866DD6-EAEF-498D-9DD4-301289709E6C}.Debug|Any CPU.ActiveCfg = Debug|Any CPU
		{55866DD6-EAEF-498D-9DD4-301289709E6C}.Debug|Any CPU.Build.0 = Debug|Any CPU
		{55866DD6-EAEF-498D-9DD4-301289709E6C}.Release|Any CPU.ActiveCfg = Release|Any CPU
		{55866DD6-EAEF-498D-9DD4-301289709E6C}.Release|Any CPU.Build.0 = Release|Any CPU
		{B7A6ECDB-5342-4A0D-9255-9C58B26915AF}.Debug|Any CPU.ActiveCfg = Debug|Any CPU
		{B7A6ECDB-5342-4A0D-9255-9C58B26915AF}.Debug|Any CPU.Build.0 = Debug|Any CPU
		{B7A6ECDB-5342-4A0D-9255-9C58B26915AF}.Release|Any CPU.ActiveCfg = Release|Any CPU
		{B7A6ECDB-5342-4A0D-9255-9C58B26915AF}.Release|Any CPU.Build.0 = Release|Any CPU
		{8909B0DE-9F43-4AEA-AC6B-8442772AAE4B}.Debug|Any CPU.ActiveCfg = Debug|Any CPU
		{8909B0DE-9F43-4AEA-AC6B-8442772AAE4B}.Debug|Any CPU.Build.0 = Debug|Any CPU
		{8909B0DE-9F43-4AEA-AC6B-8442772AAE4B}.Release|Any CPU.ActiveCfg = Release|Any CPU
		{8909B0DE-9F43-4AEA-AC6B-8442772AAE4B}.Release|Any CPU.Build.0 = Release|Any CPU
		{2D46C9D3-CCEC-4E32-9701-C1A32BBB2B6A}.Debug|Any CPU.ActiveCfg = Debug|Any CPU
		{2D46C9D3-CCEC-4E32-9701-C1A32BBB2B6A}.Debug|Any CPU.Build.0 = Debug|Any CPU
		{2D46C9D3-CCEC-4E32-9701-C1A32BBB2B6A}.Release|Any CPU.ActiveCfg = Release|Any CPU
		{2D46C9D3-CCEC-4E32-9701-C1A32BBB2B6A}.Release|Any CPU.Build.0 = Release|Any CPU
	EndGlobalSection
	GlobalSection(SolutionProperties) = preSolution
		HideSolutionNode = FALSE
	EndGlobalSection
	GlobalSection(ExtensibilityGlobals) = postSolution
		SolutionGuid = {9261685E-7A30-4149-A844-F253AB1B7779}
	EndGlobalSection
EndGlobal
